
Microsoft Visual Studio Solution File, Format Version 12.00
# Visual Studio Version 16
VisualStudioVersion = 16.0.32106.194
MinimumVisualStudioVersion = 10.0.40219.1
Project("{8BC9CEB8-8B4A-11D0-8D11-00A0C91BC942}") = "Лаба_2.1", "Лаба_2.1\Лаба_2.1.vcxproj", "{7DB5C6E2-C463-4252-BDE7-88386D4FD433}"
EndProject
Global
	GlobalSection(SolutionConfigurationPlatforms) = preSolution
		Debug|x64 = Debug|x64
		Debug|x86 = Debug|x86
		Release|x64 = Release|x64
		Release|x86 = Release|x86
	EndGlobalSection
	GlobalSection(ProjectConfigurationPlatforms) = postSolution
		{7DB5C6E2-C463-4252-BDE7-88386D4FD433}.Debug|x64.ActiveCfg = Debug|x64
		{7DB5C6E2-C463-4252-BDE7-88386D4FD433}.Debug|x64.Build.0 = Debug|x64
		{7DB5C6E2-C463-4252-BDE7-88386D4FD433}.Debug|x86.ActiveCfg = Debug|Win32
		{7DB5C6E2-C463-4252-BDE7-88386D4FD433}.Debug|x86.Build.0 = Debug|Win32
		{7DB5C6E2-C463-4252-BDE7-88386D4FD433}.Release|x64.ActiveCfg = Release|x64
		{7DB5C6E2-C463-4252-BDE7-88386D4FD433}.Release|x64.Build.0 = Release|x64
		{7DB5C6E2-C463-4252-BDE7-88386D4FD433}.Release|x86.ActiveCfg = Release|Win32
		{7DB5C6E2-C463-4252-BDE7-88386D4FD433}.Release|x86.Build.0 = Release|Win32
	EndGlobalSection
	GlobalSection(SolutionProperties) = preSolution
		HideSolutionNode = FALSE
	EndGlobalSection
	GlobalSection(ExtensibilityGlobals) = postSolution
		SolutionGuid = {1C675C4E-52F3-4B86-BA1A-888BB1D102AA}
	EndGlobalSection
EndGlobal
